
Microsoft Visual Studio Solution File, Format Version 12.00
# Visual Studio 15
VisualStudioVersion = 15.0.28010.2041
MinimumVisualStudioVersion = 10.0.40219.1
Project("{FAE04EC0-301F-11D3-BF4B-00C04F79EFBC}") = "6.4", "6.4\6.4.csproj", "{1D0DF7CD-6826-4DDA-A3AD-CBF6276F5423}"
EndProject
Global
	GlobalSection(SolutionConfigurationPlatforms) = preSolution
		Debug|Any CPU = Debug|Any CPU
		Release|Any CPU = Release|Any CPU
	EndGlobalSection
	GlobalSection(ProjectConfigurationPlatforms) = postSolution
		{1D0DF7CD-6826-4DDA-A3AD-CBF6276F5423}.Debug|Any CPU.ActiveCfg = Debug|Any CPU
		{1D0DF7CD-6826-4DDA-A3AD-CBF6276F5423}.Debug|Any CPU.Build.0 = Debug|Any CPU
		{1D0DF7CD-6826-4DDA-A3AD-CBF6276F5423}.Release|Any CPU.ActiveCfg = Release|Any CPU
		{1D0DF7CD-6826-4DDA-A3AD-CBF6276F5423}.Release|Any CPU.Build.0 = Release|Any CPU
	EndGlobalSection
	GlobalSection(SolutionProperties) = preSolution
		HideSolutionNode = FALSE
	EndGlobalSection
	GlobalSection(ExtensibilityGlobals) = postSolution
		SolutionGuid = {59279322-228E-4C3E-ADB4-15F1D9086407}
	EndGlobalSection
EndGlobal
