
Microsoft Visual Studio Solution File, Format Version 12.00
# Visual Studio 15
VisualStudioVersion = 15.0.28010.2041
MinimumVisualStudioVersion = 10.0.40219.1
Project("{FAE04EC0-301F-11D3-BF4B-00C04F79EFBC}") = "6.18", "6.18\6.18.csproj", "{026B3ED3-68BC-4255-AC50-EB307DA8D5C5}"
EndProject
Global
	GlobalSection(SolutionConfigurationPlatforms) = preSolution
		Debug|Any CPU = Debug|Any CPU
		Release|Any CPU = Release|Any CPU
	EndGlobalSection
	GlobalSection(ProjectConfigurationPlatforms) = postSolution
		{026B3ED3-68BC-4255-AC50-EB307DA8D5C5}.Debug|Any CPU.ActiveCfg = Debug|Any CPU
		{026B3ED3-68BC-4255-AC50-EB307DA8D5C5}.Debug|Any CPU.Build.0 = Debug|Any CPU
		{026B3ED3-68BC-4255-AC50-EB307DA8D5C5}.Release|Any CPU.ActiveCfg = Release|Any CPU
		{026B3ED3-68BC-4255-AC50-EB307DA8D5C5}.Release|Any CPU.Build.0 = Release|Any CPU
	EndGlobalSection
	GlobalSection(SolutionProperties) = preSolution
		HideSolutionNode = FALSE
	EndGlobalSection
	GlobalSection(ExtensibilityGlobals) = postSolution
		SolutionGuid = {62B4934F-CEDB-47C9-81F0-20B3DB80E4F0}
	EndGlobalSection
EndGlobal
