
Microsoft Visual Studio Solution File, Format Version 12.00
# Visual Studio 15
VisualStudioVersion = 15.0.28010.2041
MinimumVisualStudioVersion = 10.0.40219.1
Project("{FAE04EC0-301F-11D3-BF4B-00C04F79EFBC}") = "6.9", "6.9\6.9.csproj", "{60016A97-192B-4B7E-B0B4-82ECE1A64432}"
EndProject
Global
	GlobalSection(SolutionConfigurationPlatforms) = preSolution
		Debug|Any CPU = Debug|Any CPU
		Release|Any CPU = Release|Any CPU
	EndGlobalSection
	GlobalSection(ProjectConfigurationPlatforms) = postSolution
		{60016A97-192B-4B7E-B0B4-82ECE1A64432}.Debug|Any CPU.ActiveCfg = Debug|Any CPU
		{60016A97-192B-4B7E-B0B4-82ECE1A64432}.Debug|Any CPU.Build.0 = Debug|Any CPU
		{60016A97-192B-4B7E-B0B4-82ECE1A64432}.Release|Any CPU.ActiveCfg = Release|Any CPU
		{60016A97-192B-4B7E-B0B4-82ECE1A64432}.Release|Any CPU.Build.0 = Release|Any CPU
	EndGlobalSection
	GlobalSection(SolutionProperties) = preSolution
		HideSolutionNode = FALSE
	EndGlobalSection
	GlobalSection(ExtensibilityGlobals) = postSolution
		SolutionGuid = {2180CD59-6E7A-4C8E-AA1F-D3458A3F498D}
	EndGlobalSection
EndGlobal
