
Microsoft Visual Studio Solution File, Format Version 12.00
# Visual Studio 15
VisualStudioVersion = 15.0.28010.2041
MinimumVisualStudioVersion = 10.0.40219.1
Project("{FAE04EC0-301F-11D3-BF4B-00C04F79EFBC}") = "6.6", "6.6\6.6.csproj", "{1C048D9B-92B9-426B-8C7C-0AE5060D5F0A}"
EndProject
Global
	GlobalSection(SolutionConfigurationPlatforms) = preSolution
		Debug|Any CPU = Debug|Any CPU
		Release|Any CPU = Release|Any CPU
	EndGlobalSection
	GlobalSection(ProjectConfigurationPlatforms) = postSolution
		{1C048D9B-92B9-426B-8C7C-0AE5060D5F0A}.Debug|Any CPU.ActiveCfg = Debug|Any CPU
		{1C048D9B-92B9-426B-8C7C-0AE5060D5F0A}.Debug|Any CPU.Build.0 = Debug|Any CPU
		{1C048D9B-92B9-426B-8C7C-0AE5060D5F0A}.Release|Any CPU.ActiveCfg = Release|Any CPU
		{1C048D9B-92B9-426B-8C7C-0AE5060D5F0A}.Release|Any CPU.Build.0 = Release|Any CPU
	EndGlobalSection
	GlobalSection(SolutionProperties) = preSolution
		HideSolutionNode = FALSE
	EndGlobalSection
	GlobalSection(ExtensibilityGlobals) = postSolution
		SolutionGuid = {51FEEFCD-D2C5-437D-9B26-E86857738C38}
	EndGlobalSection
EndGlobal
