
Microsoft Visual Studio Solution File, Format Version 12.00
# Visual Studio 15
VisualStudioVersion = 15.0.28010.2041
MinimumVisualStudioVersion = 10.0.40219.1
Project("{FAE04EC0-301F-11D3-BF4B-00C04F79EFBC}") = "6.13", "6.13\6.13.csproj", "{9CB80213-E86A-424F-B313-1F7013DF030F}"
EndProject
Global
	GlobalSection(SolutionConfigurationPlatforms) = preSolution
		Debug|Any CPU = Debug|Any CPU
		Release|Any CPU = Release|Any CPU
	EndGlobalSection
	GlobalSection(ProjectConfigurationPlatforms) = postSolution
		{9CB80213-E86A-424F-B313-1F7013DF030F}.Debug|Any CPU.ActiveCfg = Debug|Any CPU
		{9CB80213-E86A-424F-B313-1F7013DF030F}.Debug|Any CPU.Build.0 = Debug|Any CPU
		{9CB80213-E86A-424F-B313-1F7013DF030F}.Release|Any CPU.ActiveCfg = Release|Any CPU
		{9CB80213-E86A-424F-B313-1F7013DF030F}.Release|Any CPU.Build.0 = Release|Any CPU
	EndGlobalSection
	GlobalSection(SolutionProperties) = preSolution
		HideSolutionNode = FALSE
	EndGlobalSection
	GlobalSection(ExtensibilityGlobals) = postSolution
		SolutionGuid = {D609F7D0-C703-4AC9-92DC-86A1455F26CC}
	EndGlobalSection
EndGlobal
